
Microsoft Visual Studio Solution File, Format Version 12.00
# Visual Studio Version 17
VisualStudioVersion = 17.5.2.0
MinimumVisualStudioVersion = 10.0.40219.1
Project("{2150E333-8FDC-42A3-9474-1A3956D46DE8}") = "src", "src", "{A1000001-0000-4000-8000-000000000001}"
EndProject
Project("{2150E333-8FDC-42A3-9474-1A3956D46DE8}") = "libs", "libs", "{A1000002-0000-4000-8000-000000000002}"
EndProject
Project("{2150E333-8FDC-42A3-9474-1A3956D46DE8}") = "tests", "tests", "{A1000003-0000-4000-8000-000000000003}"
EndProject
Project("{FAE04EC0-301F-11D3-BF4B-00C04F79EFBC}") = "Kithara", "src\Kithara\Kithara.csproj", "{B1000001-0000-4000-8000-000000000001}"
EndProject
Project("{FAE04EC0-301F-11D3-BF4B-00C04F79EFBC}") = "Kithara.DummyRegistrar", "src\Kithara.DummyRegistrar\Kithara.DummyRegistrar.csproj", "{B1000002-0000-4000-8000-000000000002}"
EndProject
Project("{FAE04EC0-301F-11D3-BF4B-00C04F79EFBC}") = "Bardie.Logos.Contracts", "..\logos\src\Bardie.Logos.Contracts\Bardie.Logos.Contracts.csproj", "{B100000A-0000-4000-8000-00000000000A}"
EndProject
Project("{FAE04EC0-301F-11D3-BF4B-00C04F79EFBC}") = "Bardie.Logos.Channel", "..\logos\src\Bardie.Logos.Channel\Bardie.Logos.Channel.csproj", "{B1000003-0000-4000-8000-000000000003}"
EndProject
Project("{FAE04EC0-301F-11D3-BF4B-00C04F79EFBC}") = "Bardie.Logos.Hosting", "..\logos\src\Bardie.Logos.Hosting\Bardie.Logos.Hosting.csproj", "{B100000B-0000-4000-8000-00000000000B}"
EndProject
Project("{FAE04EC0-301F-11D3-BF4B-00C04F79EFBC}") = "Bardie.Module.Auth", "..\kithara-logos-auth\src\Bardie.Module.Auth\Bardie.Module.Auth.csproj", "{B100000C-0000-4000-8000-00000000000C}"
EndProject
Project("{FAE04EC0-301F-11D3-BF4B-00C04F79EFBC}") = "Bardie.Harness.Auth", "libs\Bardie.Harness.Auth\Bardie.Harness.Auth.csproj", "{B1000004-0000-4000-8000-000000000004}"
EndProject
Project("{FAE04EC0-301F-11D3-BF4B-00C04F79EFBC}") = "Bardie.Harness.Source", "libs\Bardie.Harness.Source\Bardie.Harness.Source.csproj", "{B1000005-0000-4000-8000-000000000005}"
EndProject
Project("{FAE04EC0-301F-11D3-BF4B-00C04F79EFBC}") = "Bardie.Module.Channel.Tests", "tests\Bardie.Module.Channel.Tests\Bardie.Module.Channel.Tests.csproj", "{B1000006-0000-4000-8000-000000000006}"
EndProject
Project("{FAE04EC0-301F-11D3-BF4B-00C04F79EFBC}") = "Bardie.Module.Hosting.Tests", "tests\Bardie.Module.Hosting.Tests\Bardie.Module.Hosting.Tests.csproj", "{B100000D-0000-4000-8000-00000000000D}"
EndProject
Project("{FAE04EC0-301F-11D3-BF4B-00C04F79EFBC}") = "Bardie.Module.Auth.Tests", "tests\Bardie.Module.Auth.Tests\Bardie.Module.Auth.Tests.csproj", "{B100000E-0000-4000-8000-00000000000E}"
EndProject
Project("{FAE04EC0-301F-11D3-BF4B-00C04F79EFBC}") = "Bardie.Harness.Auth.Tests", "tests\Bardie.Harness.Auth.Tests\Bardie.Harness.Auth.Tests.csproj", "{B1000007-0000-4000-8000-000000000007}"
EndProject
Project("{FAE04EC0-301F-11D3-BF4B-00C04F79EFBC}") = "Bardie.Harness.Source.Tests", "tests\Bardie.Harness.Source.Tests\Bardie.Harness.Source.Tests.csproj", "{B1000008-0000-4000-8000-000000000008}"
EndProject
Project("{FAE04EC0-301F-11D3-BF4B-00C04F79EFBC}") = "Kithara.Tests", "tests\Kithara.Tests\Kithara.Tests.csproj", "{B1000009-0000-4000-8000-000000000009}"
EndProject
Project("{FAE04EC0-301F-11D3-BF4B-00C04F79EFBC}") = "Bardie.Module.Source", "..\kithara-logos-source\src\Bardie.Module.Source\Bardie.Module.Source.csproj", "{473F4468-C974-4B98-93EA-DB4FCCCC51AB}"
EndProject
Project("{FAE04EC0-301F-11D3-BF4B-00C04F79EFBC}") = "Bardie.Module.Source.Tests", "tests\Bardie.Module.Source.Tests\Bardie.Module.Source.Tests.csproj", "{6386AE7C-32F2-45EA-8B59-4D207DBF2FF5}"
EndProject
Project("{FAE04EC0-301F-11D3-BF4B-00C04F79EFBC}") = "Bardie.Module.Source.Debug", "..\kithara-logos-source\src\Bardie.Module.Source.Debug\Bardie.Module.Source.Debug.csproj", "{CB23B2AA-C249-4952-8C32-1362B8360D83}"
EndProject
Project("{FAE04EC0-301F-11D3-BF4B-00C04F79EFBC}") = "Bardie.Module.Source.Debug.Tests", "tests\Bardie.Module.Source.Debug.Tests\Bardie.Module.Source.Debug.Tests.csproj", "{39C9135F-A443-4B4E-B487-0DEB60F40BDB}"
EndProject
Global
	GlobalSection(SolutionConfigurationPlatforms) = preSolution
		Debug|Any CPU = Debug|Any CPU
		Debug|x64 = Debug|x64
		Debug|x86 = Debug|x86
		Release|Any CPU = Release|Any CPU
		Release|x64 = Release|x64
		Release|x86 = Release|x86
	EndGlobalSection
	GlobalSection(ProjectConfigurationPlatforms) = postSolution
		{B1000001-0000-4000-8000-000000000001}.Debug|Any CPU.ActiveCfg = Debug|Any CPU
		{B1000001-0000-4000-8000-000000000001}.Debug|Any CPU.Build.0 = Debug|Any CPU
		{B1000001-0000-4000-8000-000000000001}.Debug|x64.ActiveCfg = Debug|Any CPU
		{B1000001-0000-4000-8000-000000000001}.Debug|x64.Build.0 = Debug|Any CPU
		{B1000001-0000-4000-8000-000000000001}.Debug|x86.ActiveCfg = Debug|Any CPU
		{B1000001-0000-4000-8000-000000000001}.Debug|x86.Build.0 = Debug|Any CPU
		{B1000001-0000-4000-8000-000000000001}.Release|Any CPU.ActiveCfg = Release|Any CPU
		{B1000001-0000-4000-8000-000000000001}.Release|Any CPU.Build.0 = Release|Any CPU
		{B1000001-0000-4000-8000-000000000001}.Release|x64.ActiveCfg = Release|Any CPU
		{B1000001-0000-4000-8000-000000000001}.Release|x64.Build.0 = Release|Any CPU
		{B1000001-0000-4000-8000-000000000001}.Release|x86.ActiveCfg = Release|Any CPU
		{B1000001-0000-4000-8000-000000000001}.Release|x86.Build.0 = Release|Any CPU
		{B1000002-0000-4000-8000-000000000002}.Debug|Any CPU.ActiveCfg = Debug|Any CPU
		{B1000002-0000-4000-8000-000000000002}.Debug|Any CPU.Build.0 = Debug|Any CPU
		{B1000002-0000-4000-8000-000000000002}.Debug|x64.ActiveCfg = Debug|Any CPU
		{B1000002-0000-4000-8000-000000000002}.Debug|x64.Build.0 = Debug|Any CPU
		{B1000002-0000-4000-8000-000000000002}.Debug|x86.ActiveCfg = Debug|Any CPU
		{B1000002-0000-4000-8000-000000000002}.Debug|x86.Build.0 = Debug|Any CPU
		{B1000002-0000-4000-8000-000000000002}.Release|Any CPU.ActiveCfg = Release|Any CPU
		{B1000002-0000-4000-8000-000000000002}.Release|Any CPU.Build.0 = Release|Any CPU
		{B1000002-0000-4000-8000-000000000002}.Release|x64.ActiveCfg = Release|Any CPU
		{B1000002-0000-4000-8000-000000000002}.Release|x64.Build.0 = Release|Any CPU
		{B1000002-0000-4000-8000-000000000002}.Release|x86.ActiveCfg = Release|Any CPU
		{B1000002-0000-4000-8000-000000000002}.Release|x86.Build.0 = Release|Any CPU
		{B100000A-0000-4000-8000-00000000000A}.Debug|Any CPU.ActiveCfg = Debug|Any CPU
		{B100000A-0000-4000-8000-00000000000A}.Debug|Any CPU.Build.0 = Debug|Any CPU
		{B100000A-0000-4000-8000-00000000000A}.Debug|x64.ActiveCfg = Debug|Any CPU
		{B100000A-0000-4000-8000-00000000000A}.Debug|x64.Build.0 = Debug|Any CPU
		{B100000A-0000-4000-8000-00000000000A}.Debug|x86.ActiveCfg = Debug|Any CPU
		{B100000A-0000-4000-8000-00000000000A}.Debug|x86.Build.0 = Debug|Any CPU
		{B100000A-0000-4000-8000-00000000000A}.Release|Any CPU.ActiveCfg = Release|Any CPU
		{B100000A-0000-4000-8000-00000000000A}.Release|Any CPU.Build.0 = Release|Any CPU
		{B100000A-0000-4000-8000-00000000000A}.Release|x64.ActiveCfg = Release|Any CPU
		{B100000A-0000-4000-8000-00000000000A}.Release|x64.Build.0 = Release|Any CPU
		{B100000A-0000-4000-8000-00000000000A}.Release|x86.ActiveCfg = Release|Any CPU
		{B100000A-0000-4000-8000-00000000000A}.Release|x86.Build.0 = Release|Any CPU
		{B1000003-0000-4000-8000-000000000003}.Debug|Any CPU.ActiveCfg = Debug|Any CPU
		{B1000003-0000-4000-8000-000000000003}.Debug|Any CPU.Build.0 = Debug|Any CPU
		{B1000003-0000-4000-8000-000000000003}.Debug|x64.ActiveCfg = Debug|Any CPU
		{B1000003-0000-4000-8000-000000000003}.Debug|x64.Build.0 = Debug|Any CPU
		{B1000003-0000-4000-8000-000000000003}.Debug|x86.ActiveCfg = Debug|Any CPU
		{B1000003-0000-4000-8000-000000000003}.Debug|x86.Build.0 = Debug|Any CPU
		{B1000003-0000-4000-8000-000000000003}.Release|Any CPU.ActiveCfg = Release|Any CPU
		{B1000003-0000-4000-8000-000000000003}.Release|Any CPU.Build.0 = Release|Any CPU
		{B1000003-0000-4000-8000-000000000003}.Release|x64.ActiveCfg = Release|Any CPU
		{B1000003-0000-4000-8000-000000000003}.Release|x64.Build.0 = Release|Any CPU
		{B1000003-0000-4000-8000-000000000003}.Release|x86.ActiveCfg = Release|Any CPU
		{B1000003-0000-4000-8000-000000000003}.Release|x86.Build.0 = Release|Any CPU
		{B100000B-0000-4000-8000-00000000000B}.Debug|Any CPU.ActiveCfg = Debug|Any CPU
		{B100000B-0000-4000-8000-00000000000B}.Debug|Any CPU.Build.0 = Debug|Any CPU
		{B100000B-0000-4000-8000-00000000000B}.Debug|x64.ActiveCfg = Debug|Any CPU
		{B100000B-0000-4000-8000-00000000000B}.Debug|x64.Build.0 = Debug|Any CPU
		{B100000B-0000-4000-8000-00000000000B}.Debug|x86.ActiveCfg = Debug|Any CPU
		{B100000B-0000-4000-8000-00000000000B}.Debug|x86.Build.0 = Debug|Any CPU
		{B100000B-0000-4000-8000-00000000000B}.Release|Any CPU.ActiveCfg = Release|Any CPU
		{B100000B-0000-4000-8000-00000000000B}.Release|Any CPU.Build.0 = Release|Any CPU
		{B100000B-0000-4000-8000-00000000000B}.Release|x64.ActiveCfg = Release|Any CPU
		{B100000B-0000-4000-8000-00000000000B}.Release|x64.Build.0 = Release|Any CPU
		{B100000B-0000-4000-8000-00000000000B}.Release|x86.ActiveCfg = Release|Any CPU
		{B100000B-0000-4000-8000-00000000000B}.Release|x86.Build.0 = Release|Any CPU
		{B100000C-0000-4000-8000-00000000000C}.Debug|Any CPU.ActiveCfg = Debug|Any CPU
		{B100000C-0000-4000-8000-00000000000C}.Debug|Any CPU.Build.0 = Debug|Any CPU
		{B100000C-0000-4000-8000-00000000000C}.Debug|x64.ActiveCfg = Debug|Any CPU
		{B100000C-0000-4000-8000-00000000000C}.Debug|x64.Build.0 = Debug|Any CPU
		{B100000C-0000-4000-8000-00000000000C}.Debug|x86.ActiveCfg = Debug|Any CPU
		{B100000C-0000-4000-8000-00000000000C}.Debug|x86.Build.0 = Debug|Any CPU
		{B100000C-0000-4000-8000-00000000000C}.Release|Any CPU.ActiveCfg = Release|Any CPU
		{B100000C-0000-4000-8000-00000000000C}.Release|Any CPU.Build.0 = Release|Any CPU
		{B100000C-0000-4000-8000-00000000000C}.Release|x64.ActiveCfg = Release|Any CPU
		{B100000C-0000-4000-8000-00000000000C}.Release|x64.Build.0 = Release|Any CPU
		{B100000C-0000-4000-8000-00000000000C}.Release|x86.ActiveCfg = Release|Any CPU
		{B100000C-0000-4000-8000-00000000000C}.Release|x86.Build.0 = Release|Any CPU
		{B1000004-0000-4000-8000-000000000004}.Debug|Any CPU.ActiveCfg = Debug|Any CPU
		{B1000004-0000-4000-8000-000000000004}.Debug|Any CPU.Build.0 = Debug|Any CPU
		{B1000004-0000-4000-8000-000000000004}.Debug|x64.ActiveCfg = Debug|Any CPU
		{B1000004-0000-4000-8000-000000000004}.Debug|x64.Build.0 = Debug|Any CPU
		{B1000004-0000-4000-8000-000000000004}.Debug|x86.ActiveCfg = Debug|Any CPU
		{B1000004-0000-4000-8000-000000000004}.Debug|x86.Build.0 = Debug|Any CPU
		{B1000004-0000-4000-8000-000000000004}.Release|Any CPU.ActiveCfg = Release|Any CPU
		{B1000004-0000-4000-8000-000000000004}.Release|Any CPU.Build.0 = Release|Any CPU
		{B1000004-0000-4000-8000-000000000004}.Release|x64.ActiveCfg = Release|Any CPU
		{B1000004-0000-4000-8000-000000000004}.Release|x64.Build.0 = Release|Any CPU
		{B1000004-0000-4000-8000-000000000004}.Release|x86.ActiveCfg = Release|Any CPU
		{B1000004-0000-4000-8000-000000000004}.Release|x86.Build.0 = Release|Any CPU
		{B1000005-0000-4000-8000-000000000005}.Debug|Any CPU.ActiveCfg = Debug|Any CPU
		{B1000005-0000-4000-8000-000000000005}.Debug|Any CPU.Build.0 = Debug|Any CPU
		{B1000005-0000-4000-8000-000000000005}.Debug|x64.ActiveCfg = Debug|Any CPU
		{B1000005-0000-4000-8000-000000000005}.Debug|x64.Build.0 = Debug|Any CPU
		{B1000005-0000-4000-8000-000000000005}.Debug|x86.ActiveCfg = Debug|Any CPU
		{B1000005-0000-4000-8000-000000000005}.Debug|x86.Build.0 = Debug|Any CPU
		{B1000005-0000-4000-8000-000000000005}.Release|Any CPU.ActiveCfg = Release|Any CPU
		{B1000005-0000-4000-8000-000000000005}.Release|Any CPU.Build.0 = Release|Any CPU
		{B1000005-0000-4000-8000-000000000005}.Release|x64.ActiveCfg = Release|Any CPU
		{B1000005-0000-4000-8000-000000000005}.Release|x64.Build.0 = Release|Any CPU
		{B1000005-0000-4000-8000-000000000005}.Release|x86.ActiveCfg = Release|Any CPU
		{B1000005-0000-4000-8000-000000000005}.Release|x86.Build.0 = Release|Any CPU
		{B1000006-0000-4000-8000-000000000006}.Debug|Any CPU.ActiveCfg = Debug|Any CPU
		{B1000006-0000-4000-8000-000000000006}.Debug|Any CPU.Build.0 = Debug|Any CPU
		{B1000006-0000-4000-8000-000000000006}.Debug|x64.ActiveCfg = Debug|Any CPU
		{B1000006-0000-4000-8000-000000000006}.Debug|x64.Build.0 = Debug|Any CPU
		{B1000006-0000-4000-8000-000000000006}.Debug|x86.ActiveCfg = Debug|Any CPU
		{B1000006-0000-4000-8000-000000000006}.Debug|x86.Build.0 = Debug|Any CPU
		{B1000006-0000-4000-8000-000000000006}.Release|Any CPU.ActiveCfg = Release|Any CPU
		{B1000006-0000-4000-8000-000000000006}.Release|Any CPU.Build.0 = Release|Any CPU
		{B1000006-0000-4000-8000-000000000006}.Release|x64.ActiveCfg = Release|Any CPU
		{B1000006-0000-4000-8000-000000000006}.Release|x64.Build.0 = Release|Any CPU
		{B1000006-0000-4000-8000-000000000006}.Release|x86.ActiveCfg = Release|Any CPU
		{B1000006-0000-4000-8000-000000000006}.Release|x86.Build.0 = Release|Any CPU
		{B100000D-0000-4000-8000-00000000000D}.Debug|Any CPU.ActiveCfg = Debug|Any CPU
		{B100000D-0000-4000-8000-00000000000D}.Debug|Any CPU.Build.0 = Debug|Any CPU
		{B100000D-0000-4000-8000-00000000000D}.Debug|x64.ActiveCfg = Debug|Any CPU
		{B100000D-0000-4000-8000-00000000000D}.Debug|x64.Build.0 = Debug|Any CPU
		{B100000D-0000-4000-8000-00000000000D}.Debug|x86.ActiveCfg = Debug|Any CPU
		{B100000D-0000-4000-8000-00000000000D}.Debug|x86.Build.0 = Debug|Any CPU
		{B100000D-0000-4000-8000-00000000000D}.Release|Any CPU.ActiveCfg = Release|Any CPU
		{B100000D-0000-4000-8000-00000000000D}.Release|Any CPU.Build.0 = Release|Any CPU
		{B100000D-0000-4000-8000-00000000000D}.Release|x64.ActiveCfg = Release|Any CPU
		{B100000D-0000-4000-8000-00000000000D}.Release|x64.Build.0 = Release|Any CPU
		{B100000D-0000-4000-8000-00000000000D}.Release|x86.ActiveCfg = Release|Any CPU
		{B100000D-0000-4000-8000-00000000000D}.Release|x86.Build.0 = Release|Any CPU
		{B100000E-0000-4000-8000-00000000000E}.Debug|Any CPU.ActiveCfg = Debug|Any CPU
		{B100000E-0000-4000-8000-00000000000E}.Debug|Any CPU.Build.0 = Debug|Any CPU
		{B100000E-0000-4000-8000-00000000000E}.Debug|x64.ActiveCfg = Debug|Any CPU
		{B100000E-0000-4000-8000-00000000000E}.Debug|x64.Build.0 = Debug|Any CPU
		{B100000E-0000-4000-8000-00000000000E}.Debug|x86.ActiveCfg = Debug|Any CPU
		{B100000E-0000-4000-8000-00000000000E}.Debug|x86.Build.0 = Debug|Any CPU
		{B100000E-0000-4000-8000-00000000000E}.Release|Any CPU.ActiveCfg = Release|Any CPU
		{B100000E-0000-4000-8000-00000000000E}.Release|Any CPU.Build.0 = Release|Any CPU
		{B100000E-0000-4000-8000-00000000000E}.Release|x64.ActiveCfg = Release|Any CPU
		{B100000E-0000-4000-8000-00000000000E}.Release|x64.Build.0 = Release|Any CPU
		{B100000E-0000-4000-8000-00000000000E}.Release|x86.ActiveCfg = Release|Any CPU
		{B100000E-0000-4000-8000-00000000000E}.Release|x86.Build.0 = Release|Any CPU
		{B1000007-0000-4000-8000-000000000007}.Debug|Any CPU.ActiveCfg = Debug|Any CPU
		{B1000007-0000-4000-8000-000000000007}.Debug|Any CPU.Build.0 = Debug|Any CPU
		{B1000007-0000-4000-8000-000000000007}.Debug|x64.ActiveCfg = Debug|Any CPU
		{B1000007-0000-4000-8000-000000000007}.Debug|x64.Build.0 = Debug|Any CPU
		{B1000007-0000-4000-8000-000000000007}.Debug|x86.ActiveCfg = Debug|Any CPU
		{B1000007-0000-4000-8000-000000000007}.Debug|x86.Build.0 = Debug|Any CPU
		{B1000007-0000-4000-8000-000000000007}.Release|Any CPU.ActiveCfg = Release|Any CPU
		{B1000007-0000-4000-8000-000000000007}.Release|Any CPU.Build.0 = Release|Any CPU
		{B1000007-0000-4000-8000-000000000007}.Release|x64.ActiveCfg = Release|Any CPU
		{B1000007-0000-4000-8000-000000000007}.Release|x64.Build.0 = Release|Any CPU
		{B1000007-0000-4000-8000-000000000007}.Release|x86.ActiveCfg = Release|Any CPU
		{B1000007-0000-4000-8000-000000000007}.Release|x86.Build.0 = Release|Any CPU
		{B1000008-0000-4000-8000-000000000008}.Debug|Any CPU.ActiveCfg = Debug|Any CPU
		{B1000008-0000-4000-8000-000000000008}.Debug|Any CPU.Build.0 = Debug|Any CPU
		{B1000008-0000-4000-8000-000000000008}.Debug|x64.ActiveCfg = Debug|Any CPU
		{B1000008-0000-4000-8000-000000000008}.Debug|x64.Build.0 = Debug|Any CPU
		{B1000008-0000-4000-8000-000000000008}.Debug|x86.ActiveCfg = Debug|Any CPU
		{B1000008-0000-4000-8000-000000000008}.Debug|x86.Build.0 = Debug|Any CPU
		{B1000008-0000-4000-8000-000000000008}.Release|Any CPU.ActiveCfg = Release|Any CPU
		{B1000008-0000-4000-8000-000000000008}.Release|Any CPU.Build.0 = Release|Any CPU
		{B1000008-0000-4000-8000-000000000008}.Release|x64.ActiveCfg = Release|Any CPU
		{B1000008-0000-4000-8000-000000000008}.Release|x64.Build.0 = Release|Any CPU
		{B1000008-0000-4000-8000-000000000008}.Release|x86.ActiveCfg = Release|Any CPU
		{B1000008-0000-4000-8000-000000000008}.Release|x86.Build.0 = Release|Any CPU
		{B1000009-0000-4000-8000-000000000009}.Debug|Any CPU.ActiveCfg = Debug|Any CPU
		{B1000009-0000-4000-8000-000000000009}.Debug|Any CPU.Build.0 = Debug|Any CPU
		{B1000009-0000-4000-8000-000000000009}.Debug|x64.ActiveCfg = Debug|Any CPU
		{B1000009-0000-4000-8000-000000000009}.Debug|x64.Build.0 = Debug|Any CPU
		{B1000009-0000-4000-8000-000000000009}.Debug|x86.ActiveCfg = Debug|Any CPU
		{B1000009-0000-4000-8000-000000000009}.Debug|x86.Build.0 = Debug|Any CPU
		{B1000009-0000-4000-8000-000000000009}.Release|Any CPU.ActiveCfg = Release|Any CPU
		{B1000009-0000-4000-8000-000000000009}.Release|Any CPU.Build.0 = Release|Any CPU
		{B1000009-0000-4000-8000-000000000009}.Release|x64.ActiveCfg = Release|Any CPU
		{B1000009-0000-4000-8000-000000000009}.Release|x64.Build.0 = Release|Any CPU
		{B1000009-0000-4000-8000-000000000009}.Release|x86.ActiveCfg = Release|Any CPU
		{B1000009-0000-4000-8000-000000000009}.Release|x86.Build.0 = Release|Any CPU
		{473F4468-C974-4B98-93EA-DB4FCCCC51AB}.Debug|Any CPU.ActiveCfg = Debug|Any CPU
		{473F4468-C974-4B98-93EA-DB4FCCCC51AB}.Debug|Any CPU.Build.0 = Debug|Any CPU
		{473F4468-C974-4B98-93EA-DB4FCCCC51AB}.Debug|x64.ActiveCfg = Debug|Any CPU
		{473F4468-C974-4B98-93EA-DB4FCCCC51AB}.Debug|x64.Build.0 = Debug|Any CPU
		{473F4468-C974-4B98-93EA-DB4FCCCC51AB}.Debug|x86.ActiveCfg = Debug|Any CPU
		{473F4468-C974-4B98-93EA-DB4FCCCC51AB}.Debug|x86.Build.0 = Debug|Any CPU
		{473F4468-C974-4B98-93EA-DB4FCCCC51AB}.Release|Any CPU.ActiveCfg = Release|Any CPU
		{473F4468-C974-4B98-93EA-DB4FCCCC51AB}.Release|Any CPU.Build.0 = Release|Any CPU
		{473F4468-C974-4B98-93EA-DB4FCCCC51AB}.Release|x64.ActiveCfg = Release|Any CPU
		{473F4468-C974-4B98-93EA-DB4FCCCC51AB}.Release|x64.Build.0 = Release|Any CPU
		{473F4468-C974-4B98-93EA-DB4FCCCC51AB}.Release|x86.ActiveCfg = Release|Any CPU
		{473F4468-C974-4B98-93EA-DB4FCCCC51AB}.Release|x86.Build.0 = Release|Any CPU
		{6386AE7C-32F2-45EA-8B59-4D207DBF2FF5}.Debug|Any CPU.ActiveCfg = Debug|Any CPU
		{6386AE7C-32F2-45EA-8B59-4D207DBF2FF5}.Debug|Any CPU.Build.0 = Debug|Any CPU
		{6386AE7C-32F2-45EA-8B59-4D207DBF2FF5}.Debug|x64.ActiveCfg = Debug|Any CPU
		{6386AE7C-32F2-45EA-8B59-4D207DBF2FF5}.Debug|x64.Build.0 = Debug|Any CPU
		{6386AE7C-32F2-45EA-8B59-4D207DBF2FF5}.Debug|x86.ActiveCfg = Debug|Any CPU
		{6386AE7C-32F2-45EA-8B59-4D207DBF2FF5}.Debug|x86.Build.0 = Debug|Any CPU
		{6386AE7C-32F2-45EA-8B59-4D207DBF2FF5}.Release|Any CPU.ActiveCfg = Release|Any CPU
		{6386AE7C-32F2-45EA-8B59-4D207DBF2FF5}.Release|Any CPU.Build.0 = Release|Any CPU
		{6386AE7C-32F2-45EA-8B59-4D207DBF2FF5}.Release|x64.ActiveCfg = Release|Any CPU
		{6386AE7C-32F2-45EA-8B59-4D207DBF2FF5}.Release|x64.Build.0 = Release|Any CPU
		{6386AE7C-32F2-45EA-8B59-4D207DBF2FF5}.Release|x86.ActiveCfg = Release|Any CPU
		{6386AE7C-32F2-45EA-8B59-4D207DBF2FF5}.Release|x86.Build.0 = Release|Any CPU
		{CB23B2AA-C249-4952-8C32-1362B8360D83}.Debug|Any CPU.ActiveCfg = Debug|Any CPU
		{CB23B2AA-C249-4952-8C32-1362B8360D83}.Debug|Any CPU.Build.0 = Debug|Any CPU
		{CB23B2AA-C249-4952-8C32-1362B8360D83}.Debug|x64.ActiveCfg = Debug|Any CPU
		{CB23B2AA-C249-4952-8C32-1362B8360D83}.Debug|x64.Build.0 = Debug|Any CPU
		{CB23B2AA-C249-4952-8C32-1362B8360D83}.Debug|x86.ActiveCfg = Debug|Any CPU
		{CB23B2AA-C249-4952-8C32-1362B8360D83}.Debug|x86.Build.0 = Debug|Any CPU
		{CB23B2AA-C249-4952-8C32-1362B8360D83}.Release|Any CPU.ActiveCfg = Release|Any CPU
		{CB23B2AA-C249-4952-8C32-1362B8360D83}.Release|Any CPU.Build.0 = Release|Any CPU
		{CB23B2AA-C249-4952-8C32-1362B8360D83}.Release|x64.ActiveCfg = Release|Any CPU
		{CB23B2AA-C249-4952-8C32-1362B8360D83}.Release|x64.Build.0 = Release|Any CPU
		{CB23B2AA-C249-4952-8C32-1362B8360D83}.Release|x86.ActiveCfg = Release|Any CPU
		{CB23B2AA-C249-4952-8C32-1362B8360D83}.Release|x86.Build.0 = Release|Any CPU
		{39C9135F-A443-4B4E-B487-0DEB60F40BDB}.Debug|Any CPU.ActiveCfg = Debug|Any CPU
		{39C9135F-A443-4B4E-B487-0DEB60F40BDB}.Debug|Any CPU.Build.0 = Debug|Any CPU
		{39C9135F-A443-4B4E-B487-0DEB60F40BDB}.Debug|x64.ActiveCfg = Debug|Any CPU
		{39C9135F-A443-4B4E-B487-0DEB60F40BDB}.Debug|x64.Build.0 = Debug|Any CPU
		{39C9135F-A443-4B4E-B487-0DEB60F40BDB}.Debug|x86.ActiveCfg = Debug|Any CPU
		{39C9135F-A443-4B4E-B487-0DEB60F40BDB}.Debug|x86.Build.0 = Debug|Any CPU
		{39C9135F-A443-4B4E-B487-0DEB60F40BDB}.Release|Any CPU.ActiveCfg = Release|Any CPU
		{39C9135F-A443-4B4E-B487-0DEB60F40BDB}.Release|Any CPU.Build.0 = Release|Any CPU
		{39C9135F-A443-4B4E-B487-0DEB60F40BDB}.Release|x64.ActiveCfg = Release|Any CPU
		{39C9135F-A443-4B4E-B487-0DEB60F40BDB}.Release|x64.Build.0 = Release|Any CPU
		{39C9135F-A443-4B4E-B487-0DEB60F40BDB}.Release|x86.ActiveCfg = Release|Any CPU
		{39C9135F-A443-4B4E-B487-0DEB60F40BDB}.Release|x86.Build.0 = Release|Any CPU
	EndGlobalSection
	GlobalSection(SolutionProperties) = preSolution
		HideSolutionNode = FALSE
	EndGlobalSection
	GlobalSection(NestedProjects) = preSolution
		{B1000001-0000-4000-8000-000000000001} = {A1000001-0000-4000-8000-000000000001}
		{B1000002-0000-4000-8000-000000000002} = {A1000001-0000-4000-8000-000000000001}
		{B100000A-0000-4000-8000-00000000000A} = {A1000002-0000-4000-8000-000000000002}
		{B1000003-0000-4000-8000-000000000003} = {A1000002-0000-4000-8000-000000000002}
		{B100000B-0000-4000-8000-00000000000B} = {A1000002-0000-4000-8000-000000000002}
		{B100000C-0000-4000-8000-00000000000C} = {A1000002-0000-4000-8000-000000000002}
		{B1000004-0000-4000-8000-000000000004} = {A1000002-0000-4000-8000-000000000002}
		{B1000005-0000-4000-8000-000000000005} = {A1000002-0000-4000-8000-000000000002}
		{B1000006-0000-4000-8000-000000000006} = {A1000003-0000-4000-8000-000000000003}
		{B100000D-0000-4000-8000-00000000000D} = {A1000003-0000-4000-8000-000000000003}
		{B100000E-0000-4000-8000-00000000000E} = {A1000003-0000-4000-8000-000000000003}
		{B1000007-0000-4000-8000-000000000007} = {A1000003-0000-4000-8000-000000000003}
		{B1000008-0000-4000-8000-000000000008} = {A1000003-0000-4000-8000-000000000003}
		{B1000009-0000-4000-8000-000000000009} = {A1000003-0000-4000-8000-000000000003}
		{473F4468-C974-4B98-93EA-DB4FCCCC51AB} = {A1000002-0000-4000-8000-000000000002}
		{6386AE7C-32F2-45EA-8B59-4D207DBF2FF5} = {A1000003-0000-4000-8000-000000000003}
		{CB23B2AA-C249-4952-8C32-1362B8360D83} = {A1000002-0000-4000-8000-000000000002}
		{39C9135F-A443-4B4E-B487-0DEB60F40BDB} = {A1000003-0000-4000-8000-000000000003}
	EndGlobalSection
	GlobalSection(ExtensibilityGlobals) = postSolution
		SolutionGuid = {33DEBE93-26AC-47D3-80F8-16BAF76F7401}
	EndGlobalSection
EndGlobal
